// !$*UTF8*$!
{
	archiveVersion = 1;
	classes = {
	};
	objectVersion = 56;
	objects = {

/* Begin PBXBuildFile section */
		FCE6CB3D2B3E2B4500F68D54 /* LandmarksApp.swift in Sources */ = {isa = PBXBuildFile; fileRef = FCE6CB3C2B3E2B4500F68D54 /* LandmarksApp.swift */; };
		FCE6CB3F2B3E2B4500F68D54 /* ContentView.swift in Sources */ = {isa = PBXBuildFile; fileRef = FCE6CB3E2B3E2B4500F68D54 /* ContentView.swift */; };
		FCE6CB412B3E2B4600F68D54 /* Assets.xcassets in Resources */ = {isa = PBXBuildFile; fileRef = FCE6CB402B3E2B4600F68D54 /* Assets.xcassets */; };
		FCE6CB442B3E2B4600F68D54 /* Preview Assets.xcassets in Resources */ = {isa = PBXBuildFile; fileRef = FCE6CB432B3E2B4600F68D54 /* Preview Assets.xcassets */; };
		FCE6CB4B2B3E2FA200F68D54 /* CircleImage.swift in Sources */ = {isa = PBXBuildFile; fileRef = FCE6CB4A2B3E2FA200F68D54 /* CircleImage.swift */; };
		FCE6CB4D2B3E306E00F68D54 /* MapView.swift in Sources */ = {isa = PBXBuildFile; fileRef = FCE6CB4C2B3E306E00F68D54 /* MapView.swift */; };
		FCE6CB512B3E332E00F68D54 /* Landmark.swift in Sources */ = {isa = PBXBuildFile; fileRef = FCE6CB502B3E332E00F68D54 /* Landmark.swift */; };
		FCE6CB532B3E345200F68D54 /* ModelData.swift in Sources */ = {isa = PBXBuildFile; fileRef = FCE6CB522B3E345200F68D54 /* ModelData.swift */; };
		FCE6CB5D2B3E365D00F68D54 /* LandmarkRow.swift in Sources */ = {isa = PBXBuildFile; fileRef = FCE6CB5C2B3E365D00F68D54 /* LandmarkRow.swift */; };
		FCE6CB5F2B3E38BC00F68D54 /* landmarkData.json in Resources */ = {isa = PBXBuildFile; fileRef = FCE6CB5E2B3E38BC00F68D54 /* landmarkData.json */; };
		FCE6CB622B3E3CF600F68D54 /* LandmarkList.swift in Sources */ = {isa = PBXBuildFile; fileRef = FCE6CB612B3E3CF600F68D54 /* LandmarkList.swift */; };
		FCE6CB642B3E3DF500F68D54 /* LandmarkDetail.swift in Sources */ = {isa = PBXBuildFile; fileRef = FCE6CB632B3E3DF500F68D54 /* LandmarkDetail.swift */; };
		FCE6CB662B3F446500F68D54 /* FavoriteButton.swift in Sources */ = {isa = PBXBuildFile; fileRef = FCE6CB652B3F446500F68D54 /* FavoriteButton.swift */; };
		FCE6CB6A2B3F4B3C00F68D54 /* HexagonParameters.swift in Sources */ = {isa = PBXBuildFile; fileRef = FCE6CB692B3F4B3C00F68D54 /* HexagonParameters.swift */; };
		FCE6CB6E2B3F4BF500F68D54 /* BadgeBackground.swift in Sources */ = {isa = PBXBuildFile; fileRef = FCE6CB6D2B3F4BF500F68D54 /* BadgeBackground.swift */; };
		FCE6CB702B3F4E4B00F68D54 /* BadgeSymbol.swift in Sources */ = {isa = PBXBuildFile; fileRef = FCE6CB6F2B3F4E4B00F68D54 /* BadgeSymbol.swift */; };
		FCE6CB722B3F4EE800F68D54 /* RotatedBadgeSymbol.swift in Sources */ = {isa = PBXBuildFile; fileRef = FCE6CB712B3F4EE800F68D54 /* RotatedBadgeSymbol.swift */; };
		FCE6CB742B3F4F2500F68D54 /* Badge.swift in Sources */ = {isa = PBXBuildFile; fileRef = FCE6CB732B3F4F2500F68D54 /* Badge.swift */; };
/* End PBXBuildFile section */

/* Begin PBXFileReference section */
		FCE6CB392B3E2B4500F68D54 /* Landmarks.app */ = {isa = PBXFileReference; explicitFileType = wrapper.application; includeInIndex = 0; path = Landmarks.app; sourceTree = BUILT_PRODUCTS_DIR; };
		FCE6CB3C2B3E2B4500F68D54 /* LandmarksApp.swift */ = {isa = PBXFileReference; lastKnownFileType = sourcecode.swift; path = LandmarksApp.swift; sourceTree = "<group>"; };
		FCE6CB3E2B3E2B4500F68D54 /* ContentView.swift */ = {isa = PBXFileReference; lastKnownFileType = sourcecode.swift; path = ContentView.swift; sourceTree = "<group>"; };
		FCE6CB402B3E2B4600F68D54 /* Assets.xcassets */ = {isa = PBXFileReference; lastKnownFileType = folder.assetcatalog; path = Assets.xcassets; sourceTree = "<group>"; };
		FCE6CB432B3E2B4600F68D54 /* Preview Assets.xcassets */ = {isa = PBXFileReference; lastKnownFileType = folder.assetcatalog; path = "Preview Assets.xcassets"; sourceTree = "<group>"; };
		FCE6CB4A2B3E2FA200F68D54 /* CircleImage.swift */ = {isa = PBXFileReference; lastKnownFileType = sourcecode.swift; path = CircleImage.swift; sourceTree = "<group>"; };
		FCE6CB4C2B3E306E00F68D54 /* MapView.swift */ = {isa = PBXFileReference; lastKnownFileType = sourcecode.swift; path = MapView.swift; sourceTree = "<group>"; };
		FCE6CB502B3E332E00F68D54 /* Landmark.swift */ = {isa = PBXFileReference; lastKnownFileType = sourcecode.swift; path = Landmark.swift; sourceTree = "<group>"; };
		FCE6CB522B3E345200F68D54 /* ModelData.swift */ = {isa = PBXFileReference; lastKnownFileType = sourcecode.swift; path = ModelData.swift; sourceTree = "<group>"; };
		FCE6CB5C2B3E365D00F68D54 /* LandmarkRow.swift */ = {isa = PBXFileReference; lastKnownFileType = sourcecode.swift; path = LandmarkRow.swift; sourceTree = "<group>"; };
		FCE6CB5E2B3E38BC00F68D54 /* landmarkData.json */ = {isa = PBXFileReference; fileEncoding = 4; lastKnownFileType = text.json; path = landmarkData.json; sourceTree = "<group>"; };
		FCE6CB612B3E3CF600F68D54 /* LandmarkList.swift */ = {isa = PBXFileReference; lastKnownFileType = sourcecode.swift; path = LandmarkList.swift; sourceTree = "<group>"; };
		FCE6CB632B3E3DF500F68D54 /* LandmarkDetail.swift */ = {isa = PBXFileReference; lastKnownFileType = sourcecode.swift; path = LandmarkDetail.swift; sourceTree = "<group>"; };
		FCE6CB652B3F446500F68D54 /* FavoriteButton.swift */ = {isa = PBXFileReference; lastKnownFileType = sourcecode.swift; path = FavoriteButton.swift; sourceTree = "<group>"; };
		FCE6CB692B3F4B3C00F68D54 /* HexagonParameters.swift */ = {isa = PBXFileReference; lastKnownFileType = sourcecode.swift; path = HexagonParameters.swift; sourceTree = "<group>"; };
		FCE6CB6D2B3F4BF500F68D54 /* BadgeBackground.swift */ = {isa = PBXFileReference; lastKnownFileType = sourcecode.swift; path = BadgeBackground.swift; sourceTree = "<group>"; };
		FCE6CB6F2B3F4E4B00F68D54 /* BadgeSymbol.swift */ = {isa = PBXFileReference; lastKnownFileType = sourcecode.swift; path = BadgeSymbol.swift; sourceTree = "<group>"; };
		FCE6CB712B3F4EE800F68D54 /* RotatedBadgeSymbol.swift */ = {isa = PBXFileReference; lastKnownFileType = sourcecode.swift; path = RotatedBadgeSymbol.swift; sourceTree = "<group>"; };
		FCE6CB732B3F4F2500F68D54 /* Badge.swift */ = {isa = PBXFileReference; lastKnownFileType = sourcecode.swift; path = Badge.swift; sourceTree = "<group>"; };
/* End PBXFileReference section */

/* Begin PBXFrameworksBuildPhase section */
		FCE6CB362B3E2B4500F68D54 /* Frameworks */ = {
			isa = PBXFrameworksBuildPhase;
			buildActionMask = 2147483647;
			files = (
			);
			runOnlyForDeploymentPostprocessing = 0;
		};
/* End PBXFrameworksBuildPhase section */

/* Begin PBXGroup section */
		FCE6CB302B3E2B4500F68D54 = {
			isa = PBXGroup;
			children = (
				FCE6CB3B2B3E2B4500F68D54 /* Landmarks */,
				FCE6CB3A2B3E2B4500F68D54 /* Products */,
			);
			sourceTree = "<group>";
		};
		FCE6CB3A2B3E2B4500F68D54 /* Products */ = {
			isa = PBXGroup;
			children = (
				FCE6CB392B3E2B4500F68D54 /* Landmarks.app */,
			);
			name = Products;
			sourceTree = "<group>";
		};
		FCE6CB3B2B3E2B4500F68D54 /* Landmarks */ = {
			isa = PBXGroup;
			children = (
				FCE6CB602B3E38C200F68D54 /* Resources */,
				FCE6CB552B3E34FF00F68D54 /* Model */,
				FCE6CB542B3E34F600F68D54 /* Views */,
				FCE6CB3C2B3E2B4500F68D54 /* LandmarksApp.swift */,
				FCE6CB402B3E2B4600F68D54 /* Assets.xcassets */,
				FCE6CB422B3E2B4600F68D54 /* Preview Content */,
			);
			path = Landmarks;
			sourceTree = "<group>";
		};
		FCE6CB422B3E2B4600F68D54 /* Preview Content */ = {
			isa = PBXGroup;
			children = (
				FCE6CB432B3E2B4600F68D54 /* Preview Assets.xcassets */,
			);
			path = "Preview Content";
			sourceTree = "<group>";
		};
		FCE6CB542B3E34F600F68D54 /* Views */ = {
			isa = PBXGroup;
			children = (
				FCE6CB752B3F4FCA00F68D54 /* Badges */,
				FCE6CB682B3F451800F68D54 /* Helpers */,
				FCE6CB672B3F450E00F68D54 /* Landmarks */,
				FCE6CB3E2B3E2B4500F68D54 /* ContentView.swift */,
			);
			path = Views;
			sourceTree = "<group>";
		};
		FCE6CB552B3E34FF00F68D54 /* Model */ = {
			isa = PBXGroup;
			children = (
				FCE6CB502B3E332E00F68D54 /* Landmark.swift */,
				FCE6CB522B3E345200F68D54 /* ModelData.swift */,
			);
			path = Model;
			sourceTree = "<group>";
		};
		FCE6CB602B3E38C200F68D54 /* Resources */ = {
			isa = PBXGroup;
			children = (
				FCE6CB5E2B3E38BC00F68D54 /* landmarkData.json */,
			);
			path = Resources;
			sourceTree = "<group>";
		};
		FCE6CB672B3F450E00F68D54 /* Landmarks */ = {
			isa = PBXGroup;
			children = (
				FCE6CB5C2B3E365D00F68D54 /* LandmarkRow.swift */,
				FCE6CB612B3E3CF600F68D54 /* LandmarkList.swift */,
				FCE6CB632B3E3DF500F68D54 /* LandmarkDetail.swift */,
			);
			path = Landmarks;
			sourceTree = "<group>";
		};
		FCE6CB682B3F451800F68D54 /* Helpers */ = {
			isa = PBXGroup;
			children = (
				FCE6CB652B3F446500F68D54 /* FavoriteButton.swift */,
				FCE6CB4C2B3E306E00F68D54 /* MapView.swift */,
				FCE6CB4A2B3E2FA200F68D54 /* CircleImage.swift */,
			);
			path = Helpers;
			sourceTree = "<group>";
		};
		FCE6CB752B3F4FCA00F68D54 /* Badges */ = {
			isa = PBXGroup;
			children = (
				FCE6CB692B3F4B3C00F68D54 /* HexagonParameters.swift */,
				FCE6CB6D2B3F4BF500F68D54 /* BadgeBackground.swift */,
				FCE6CB6F2B3F4E4B00F68D54 /* BadgeSymbol.swift */,
				FCE6CB712B3F4EE800F68D54 /* RotatedBadgeSymbol.swift */,
				FCE6CB732B3F4F2500F68D54 /* Badge.swift */,
			);
			path = Badges;
			sourceTree = "<group>";
		};
/* End PBXGroup section */

/* Begin PBXNativeTarget section */
		FCE6CB382B3E2B4500F68D54 /* Landmarks */ = {
			isa = PBXNativeTarget;
			buildConfigurationList = FCE6CB472B3E2B4600F68D54 /* Build configuration list for PBXNativeTarget "Landmarks" */;
			buildPhases = (
				FCE6CB352B3E2B4500F68D54 /* Sources */,
				FCE6CB362B3E2B4500F68D54 /* Frameworks */,
				FCE6CB372B3E2B4500F68D54 /* Resources */,
			);
			buildRules = (
			);
			dependencies = (
			);
			name = Landmarks;
			productName = Landmarks;
			productReference = FCE6CB392B3E2B4500F68D54 /* Landmarks.app */;
			productType = "com.apple.product-type.application";
		};
/* End PBXNativeTarget section */

/* Begin PBXProject section */
		FCE6CB312B3E2B4500F68D54 /* Project object */ = {
			isa = PBXProject;
			attributes = {
				BuildIndependentTargetsInParallel = 1;
				LastSwiftUpdateCheck = 1510;
				LastUpgradeCheck = 1510;
				TargetAttributes = {
					FCE6CB382B3E2B4500F68D54 = {
						CreatedOnToolsVersion = 15.1;
					};
				};
			};
			buildConfigurationList = FCE6CB342B3E2B4500F68D54 /* Build configuration list for PBXProject "Landmarks" */;
			compatibilityVersion = "Xcode 14.0";
			developmentRegion = en;
			hasScannedForEncodings = 0;
			knownRegions = (
				en,
				Base,
			);
			mainGroup = FCE6CB302B3E2B4500F68D54;
			productRefGroup = FCE6CB3A2B3E2B4500F68D54 /* Products */;
			projectDirPath = "";
			projectRoot = "";
			targets = (
				FCE6CB382B3E2B4500F68D54 /* Landmarks */,
			);
		};
/* End PBXProject section */

/* Begin PBXResourcesBuildPhase section */
		FCE6CB372B3E2B4500F68D54 /* Resources */ = {
			isa = PBXResourcesBuildPhase;
			buildActionMask = 2147483647;
			files = (
				FCE6CB442B3E2B4600F68D54 /* Preview Assets.xcassets in Resources */,
				FCE6CB412B3E2B4600F68D54 /* Assets.xcassets in Resources */,
				FCE6CB5F2B3E38BC00F68D54 /* landmarkData.json in Resources */,
			);
			runOnlyForDeploymentPostprocessing = 0;
		};
/* End PBXResourcesBuildPhase section */

/* Begin PBXSourcesBuildPhase section */
		FCE6CB352B3E2B4500F68D54 /* Sources */ = {
			isa = PBXSourcesBuildPhase;
			buildActionMask = 2147483647;
			files = (
				FCE6CB3F2B3E2B4500F68D54 /* ContentView.swift in Sources */,
				FCE6CB742B3F4F2500F68D54 /* Badge.swift in Sources */,
				FCE6CB4D2B3E306E00F68D54 /* MapView.swift in Sources */,
				FCE6CB3D2B3E2B4500F68D54 /* LandmarksApp.swift in Sources */,
				FCE6CB662B3F446500F68D54 /* FavoriteButton.swift in Sources */,
				FCE6CB6A2B3F4B3C00F68D54 /* HexagonParameters.swift in Sources */,
				FCE6CB722B3F4EE800F68D54 /* RotatedBadgeSymbol.swift in Sources */,
				FCE6CB702B3F4E4B00F68D54 /* BadgeSymbol.swift in Sources */,
				FCE6CB622B3E3CF600F68D54 /* LandmarkList.swift in Sources */,
				FCE6CB642B3E3DF500F68D54 /* LandmarkDetail.swift in Sources */,
				FCE6CB6E2B3F4BF500F68D54 /* BadgeBackground.swift in Sources */,
				FCE6CB4B2B3E2FA200F68D54 /* CircleImage.swift in Sources */,
				FCE6CB512B3E332E00F68D54 /* Landmark.swift in Sources */,
				FCE6CB5D2B3E365D00F68D54 /* LandmarkRow.swift in Sources */,
				FCE6CB532B3E345200F68D54 /* ModelData.swift in Sources */,
			);
			runOnlyForDeploymentPostprocessing = 0;
		};
/* End PBXSourcesBuildPhase section */

/* Begin XCBuildConfiguration section */
		FCE6CB452B3E2B4600F68D54 /* Debug */ = {
			isa = XCBuildConfiguration;
			buildSettings = {
				ALWAYS_SEARCH_USER_PATHS = NO;
				ASSETCATALOG_COMPILER_GENERATE_SWIFT_ASSET_SYMBOL_EXTENSIONS = YES;
				CLANG_ANALYZER_NONNULL = YES;
				CLANG_ANALYZER_NUMBER_OBJECT_CONVERSION = YES_AGGRESSIVE;
				CLANG_CXX_LANGUAGE_STANDARD = "gnu++20";
				CLANG_ENABLE_MODULES = YES;
				CLANG_ENABLE_OBJC_ARC = YES;
				CLANG_ENABLE_OBJC_WEAK = YES;
				CLANG_WARN_BLOCK_CAPTURE_AUTORELEASING = YES;
				CLANG_WARN_BOOL_CONVERSION = YES;
				CLANG_WARN_COMMA = YES;
				CLANG_WARN_CONSTANT_CONVERSION = YES;
				CLANG_WARN_DEPRECATED_OBJC_IMPLEMENTATIONS = YES;
				CLANG_WARN_DIRECT_OBJC_ISA_USAGE = YES_ERROR;
				CLANG_WARN_DOCUMENTATION_COMMENTS = YES;
				CLANG_WARN_EMPTY_BODY = YES;
				CLANG_WARN_ENUM_CONVERSION = YES;
				CLANG_WARN_INFINITE_RECURSION = YES;
				CLANG_WARN_INT_CONVERSION = YES;
				CLANG_WARN_NON_LITERAL_NULL_CONVERSION = YES;
				CLANG_WARN_OBJC_IMPLICIT_RETAIN_SELF = YES;
				CLANG_WARN_OBJC_LITERAL_CONVERSION = YES;
				CLANG_WARN_OBJC_ROOT_CLASS = YES_ERROR;
				CLANG_WARN_QUOTED_INCLUDE_IN_FRAMEWORK_HEADER = YES;
				CLANG_WARN_RANGE_LOOP_ANALYSIS = YES;
				CLANG_WARN_STRICT_PROTOTYPES = YES;
				CLANG_WARN_SUSPICIOUS_MOVE = YES;
				CLANG_WARN_UNGUARDED_AVAILABILITY = YES_AGGRESSIVE;
				CLANG_WARN_UNREACHABLE_CODE = YES;
				CLANG_WARN__DUPLICATE_METHOD_MATCH = YES;
				COPY_PHASE_STRIP = NO;
				DEBUG_INFORMATION_FORMAT = dwarf;
				ENABLE_STRICT_OBJC_MSGSEND = YES;
				ENABLE_TESTABILITY = YES;
				ENABLE_USER_SCRIPT_SANDBOXING = YES;
				GCC_C_LANGUAGE_STANDARD = gnu17;
				GCC_DYNAMIC_NO_PIC = NO;
				GCC_NO_COMMON_BLOCKS = YES;
				GCC_OPTIMIZATION_LEVEL = 0;
				GCC_PREPROCESSOR_DEFINITIONS = (
					"DEBUG=1",
					"$(inherited)",
				);
				GCC_WARN_64_TO_32_BIT_CONVERSION = YES;
				GCC_WARN_ABOUT_RETURN_TYPE = YES_ERROR;
				GCC_WARN_UNDECLARED_SELECTOR = YES;
				GCC_WARN_UNINITIALIZED_AUTOS = YES_AGGRESSIVE;
				GCC_WARN_UNUSED_FUNCTION = YES;
				GCC_WARN_UNUSED_VARIABLE = YES;
				IPHONEOS_DEPLOYMENT_TARGET = 17.2;
				LOCALIZATION_PREFERS_STRING_CATALOGS = YES;
				MTL_ENABLE_DEBUG_INFO = INCLUDE_SOURCE;
				MTL_FAST_MATH = YES;
				ONLY_ACTIVE_ARCH = YES;
				SDKROOT = iphoneos;
				SWIFT_ACTIVE_COMPILATION_CONDITIONS = "DEBUG $(inherited)";
				SWIFT_OPTIMIZATION_LEVEL = "-Onone";
			};
			name = Debug;
		};
		FCE6CB462B3E2B4600F68D54 /* Release */ = {
			isa = XCBuildConfiguration;
			buildSettings = {
				ALWAYS_SEARCH_USER_PATHS = NO;
				ASSETCATALOG_COMPILER_GENERATE_SWIFT_ASSET_SYMBOL_EXTENSIONS = YES;
				CLANG_ANALYZER_NONNULL = YES;
				CLANG_ANALYZER_NUMBER_OBJECT_CONVERSION = YES_AGGRESSIVE;
				CLANG_CXX_LANGUAGE_STANDARD = "gnu++20";
				CLANG_ENABLE_MODULES = YES;
				CLANG_ENABLE_OBJC_ARC = YES;
				CLANG_ENABLE_OBJC_WEAK = YES;
				CLANG_WARN_BLOCK_CAPTURE_AUTORELEASING = YES;
				CLANG_WARN_BOOL_CONVERSION = YES;
				CLANG_WARN_COMMA = YES;
				CLANG_WARN_CONSTANT_CONVERSION = YES;
				CLANG_WARN_DEPRECATED_OBJC_IMPLEMENTATIONS = YES;
				CLANG_WARN_DIRECT_OBJC_ISA_USAGE = YES_ERROR;
				CLANG_WARN_DOCUMENTATION_COMMENTS = YES;
				CLANG_WARN_EMPTY_BODY = YES;
				CLANG_WARN_ENUM_CONVERSION = YES;
				CLANG_WARN_INFINITE_RECURSION = YES;
				CLANG_WARN_INT_CONVERSION = YES;
				CLANG_WARN_NON_LITERAL_NULL_CONVERSION = YES;
				CLANG_WARN_OBJC_IMPLICIT_RETAIN_SELF = YES;
				CLANG_WARN_OBJC_LITERAL_CONVERSION = YES;
				CLANG_WARN_OBJC_ROOT_CLASS = YES_ERROR;
				CLANG_WARN_QUOTED_INCLUDE_IN_FRAMEWORK_HEADER = YES;
				CLANG_WARN_RANGE_LOOP_ANALYSIS = YES;
				CLANG_WARN_STRICT_PROTOTYPES = YES;
				CLANG_WARN_SUSPICIOUS_MOVE = YES;
				CLANG_WARN_UNGUARDED_AVAILABILITY = YES_AGGRESSIVE;
				CLANG_WARN_UNREACHABLE_CODE = YES;
				CLANG_WARN__DUPLICATE_METHOD_MATCH = YES;
				COPY_PHASE_STRIP = NO;
				DEBUG_INFORMATION_FORMAT = "dwarf-with-dsym";
				ENABLE_NS_ASSERTIONS = NO;
				ENABLE_STRICT_OBJC_MSGSEND = YES;
				ENABLE_USER_SCRIPT_SANDBOXING = YES;
				GCC_C_LANGUAGE_STANDARD = gnu17;
				GCC_NO_COMMON_BLOCKS = YES;
				GCC_WARN_64_TO_32_BIT_CONVERSION = YES;
				GCC_WARN_ABOUT_RETURN_TYPE = YES_ERROR;
				GCC_WARN_UNDECLARED_SELECTOR = YES;
				GCC_WARN_UNINITIALIZED_AUTOS = YES_AGGRESSIVE;
				GCC_WARN_UNUSED_FUNCTION = YES;
				GCC_WARN_UNUSED_VARIABLE = YES;
				IPHONEOS_DEPLOYMENT_TARGET = 17.2;
				LOCALIZATION_PREFERS_STRING_CATALOGS = YES;
				MTL_ENABLE_DEBUG_INFO = NO;
				MTL_FAST_MATH = YES;
				SDKROOT = iphoneos;
				SWIFT_COMPILATION_MODE = wholemodule;
				VALIDATE_PRODUCT = YES;
			};
			name = Release;
		};
		FCE6CB482B3E2B4600F68D54 /* Debug */ = {
			isa = XCBuildConfiguration;
			buildSettings = {
				ASSETCATALOG_COMPILER_APPICON_NAME = AppIcon;
				ASSETCATALOG_COMPILER_GLOBAL_ACCENT_COLOR_NAME = AccentColor;
				CODE_SIGN_STYLE = Automatic;
				CURRENT_PROJECT_VERSION = 1;
				DEVELOPMENT_ASSET_PATHS = "\"Landmarks/Preview Content\"";
				DEVELOPMENT_TEAM = TYX3P2K3JY;
				ENABLE_PREVIEWS = YES;
				GENERATE_INFOPLIST_FILE = YES;
				INFOPLIST_KEY_UIApplicationSceneManifest_Generation = YES;
				INFOPLIST_KEY_UIApplicationSupportsIndirectInputEvents = YES;
				INFOPLIST_KEY_UILaunchScreen_Generation = YES;
				INFOPLIST_KEY_UISupportedInterfaceOrientations_iPad = "UIInterfaceOrientationPortrait UIInterfaceOrientationPortraitUpsideDown UIInterfaceOrientationLandscapeLeft UIInterfaceOrientationLandscapeRight";
				INFOPLIST_KEY_UISupportedInterfaceOrientations_iPhone = "UIInterfaceOrientationPortrait UIInterfaceOrientationLandscapeLeft UIInterfaceOrientationLandscapeRight";
				LD_RUNPATH_SEARCH_PATHS = (
					"$(inherited)",
					"@executable_path/Frameworks",
				);
				MARKETING_VERSION = 1.0;
				PRODUCT_BUNDLE_IDENTIFIER = msohail.Landmarks;
				PRODUCT_NAME = "$(TARGET_NAME)";
				SWIFT_EMIT_LOC_STRINGS = YES;
				SWIFT_VERSION = 5.0;
				TARGETED_DEVICE_FAMILY = "1,2";
			};
			name = Debug;
		};
		FCE6CB492B3E2B4600F68D54 /* Release */ = {
			isa = XCBuildConfiguration;
			buildSettings = {
				ASSETCATALOG_COMPILER_APPICON_NAME = AppIcon;
				ASSETCATALOG_COMPILER_GLOBAL_ACCENT_COLOR_NAME = AccentColor;
				CODE_SIGN_STYLE = Automatic;
				CURRENT_PROJECT_VERSION = 1;
				DEVELOPMENT_ASSET_PATHS = "\"Landmarks/Preview Content\"";
				DEVELOPMENT_TEAM = TYX3P2K3JY;
				ENABLE_PREVIEWS = YES;
				GENERATE_INFOPLIST_FILE = YES;
				INFOPLIST_KEY_UIApplicationSceneManifest_Generation = YES;
				INFOPLIST_KEY_UIApplicationSupportsIndirectInputEvents = YES;
				INFOPLIST_KEY_UILaunchScreen_Generation = YES;
				INFOPLIST_KEY_UISupportedInterfaceOrientations_iPad = "UIInterfaceOrientationPortrait UIInterfaceOrientationPortraitUpsideDown UIInterfaceOrientationLandscapeLeft UIInterfaceOrientationLandscapeRight";
				INFOPLIST_KEY_UISupportedInterfaceOrientations_iPhone = "UIInterfaceOrientationPortrait UIInterfaceOrientationLandscapeLeft UIInterfaceOrientationLandscapeRight";
				LD_RUNPATH_SEARCH_PATHS = (
					"$(inherited)",
					"@executable_path/Frameworks",
				);
				MARKETING_VERSION = 1.0;
				PRODUCT_BUNDLE_IDENTIFIER = msohail.Landmarks;
				PRODUCT_NAME = "$(TARGET_NAME)";
				SWIFT_EMIT_LOC_STRINGS = YES;
				SWIFT_VERSION = 5.0;
				TARGETED_DEVICE_FAMILY = "1,2";
			};
			name = Release;
		};
/* End XCBuildConfiguration section */

/* Begin XCConfigurationList section */
		FCE6CB342B3E2B4500F68D54 /* Build configuration list for PBXProject "Landmarks" */ = {
			isa = XCConfigurationList;
			buildConfigurations = (
				FCE6CB452B3E2B4600F68D54 /* Debug */,
				FCE6CB462B3E2B4600F68D54 /* Release */,
			);
			defaultConfigurationIsVisible = 0;
			defaultConfigurationName = Release;
		};
		FCE6CB472B3E2B4600F68D54 /* Build configuration list for PBXNativeTarget "Landmarks" */ = {
			isa = XCConfigurationList;
			buildConfigurations = (
				FCE6CB482B3E2B4600F68D54 /* Debug */,
				FCE6CB492B3E2B4600F68D54 /* Release */,
			);
			defaultConfigurationIsVisible = 0;
			defaultConfigurationName = Release;
		};
/* End XCConfigurationList section */
	};
	rootObject = FCE6CB312B3E2B4500F68D54 /* Project object */;
}
